// !$*UTF8*$!
{
	archiveVersion = 1;
	classes = {
	};
	objectVersion = 77;
	objects = {

/* Begin PBXBuildFile section */
		32DF1ACF2F54897900573404 /* FirebaseAnalytics in Frameworks */ = {isa = PBXBuildFile; productRef = 32DF1ACE2F54897900573404 /* FirebaseAnalytics */; };
		32DF1AD12F54897900573404 /* FirebaseCore in Frameworks */ = {isa = PBXBuildFile; productRef = 32DF1AD02F54897900573404 /* FirebaseCore */; };
		32DF1AD32F54897900573404 /* FirebaseCrashlytics in Frameworks */ = {isa = PBXBuildFile; productRef = 32DF1AD22F54897900573404 /* FirebaseCrashlytics */; };
		32DF1AD52F54897900573404 /* FirebaseMessaging in Frameworks */ = {isa = PBXBuildFile; productRef = 32DF1AD42F54897900573404 /* FirebaseMessaging */; };
		32DF1AED2F54971600573404 /* ContentView.swift in Sources */ = {isa = PBXBuildFile; fileRef = 32DF1AE92F54971600573404 /* ContentView.swift */; };
		32DF1AEE2F54971600573404 /* IosSecureStorage.swift in Sources */ = {isa = PBXBuildFile; fileRef = 32DF1AEB2F54971600573404 /* IosSecureStorage.swift */; };
		32DF1AEF2F54971600573404 /* iOSApp.swift in Sources */ = {isa = PBXBuildFile; fileRef = 32DF1AEA2F54971600573404 /* iOSApp.swift */; };
		32DF1AF02F54971600573404 /* Preview Assets.xcassets in Resources */ = {isa = PBXBuildFile; fileRef = 32DF1AE42F54971600573404 /* Preview Assets.xcassets */; };
		32DF1AF22F54971600573404 /* Assets.xcassets in Resources */ = {isa = PBXBuildFile; fileRef = 32DF1AE62F54971600573404 /* Assets.xcassets */; };
		32DF1AF52F54987700573404 /* KoinDependencies.swift in Sources */ = {isa = PBXBuildFile; fileRef = 32DF1AF42F54987700573404 /* KoinDependencies.swift */; };
		32DF1AF82F54AFBC00573404 /* IosAnalyticsService.swift in Sources */ = {isa = PBXBuildFile; fileRef = 32DF1AF72F54AFBC00573404 /* IosAnalyticsService.swift */; };
/* End PBXBuildFile section */

/* Begin PBXFileReference section */
		32DF1AE42F54971600573404 /* Preview Assets.xcassets */ = {isa = PBXFileReference; lastKnownFileType = folder.assetcatalog; path = "Preview Assets.xcassets"; sourceTree = "<group>"; };
		32DF1AE62F54971600573404 /* Assets.xcassets */ = {isa = PBXFileReference; lastKnownFileType = folder.assetcatalog; path = Assets.xcassets; sourceTree = "<group>"; };
		32DF1AE72F54971600573404 /* Info.plist */ = {isa = PBXFileReference; lastKnownFileType = text.plist.xml; path = Info.plist; sourceTree = "<group>"; };
		32DF1AE92F54971600573404 /* ContentView.swift */ = {isa = PBXFileReference; lastKnownFileType = sourcecode.swift; path = ContentView.swift; sourceTree = "<group>"; };
		32DF1AEA2F54971600573404 /* iOSApp.swift */ = {isa = PBXFileReference; lastKnownFileType = sourcecode.swift; path = iOSApp.swift; sourceTree = "<group>"; };
		32DF1AEB2F54971600573404 /* IosSecureStorage.swift */ = {isa = PBXFileReference; lastKnownFileType = sourcecode.swift; path = IosSecureStorage.swift; sourceTree = "<group>"; };
		32DF1AF42F54987700573404 /* KoinDependencies.swift */ = {isa = PBXFileReference; lastKnownFileType = sourcecode.swift; path = KoinDependencies.swift; sourceTree = "<group>"; };
		32DF1AF72F54AFBC00573404 /* IosAnalyticsService.swift */ = {isa = PBXFileReference; lastKnownFileType = sourcecode.swift; path = IosAnalyticsService.swift; sourceTree = "<group>"; };
		32DF1AFB2F54C52E00573404 /* iosApp.entitlements */ = {isa = PBXFileReference; lastKnownFileType = text.plist.entitlements; path = iosApp.entitlements; sourceTree = "<group>"; };
		C2D7165759FD45FBBD401D18 /* SharedSocialKMP.app */ = {isa = PBXFileReference; explicitFileType = wrapper.application; includeInIndex = 0; path = SharedSocialKMP.app; sourceTree = BUILT_PRODUCTS_DIR; };
/* End PBXFileReference section */

/* Begin PBXFileSystemSynchronizedRootGroup section */
		62EC72BE64DD1B4949B1E763 /* Configuration */ = {
			isa = PBXFileSystemSynchronizedRootGroup;
			path = Configuration;
			sourceTree = "<group>";
		};
/* End PBXFileSystemSynchronizedRootGroup section */

/* Begin PBXFrameworksBuildPhase section */
		ECA6F5D44AA3E23CE9DEC29C /* Frameworks */ = {
			isa = PBXFrameworksBuildPhase;
			buildActionMask = 2147483647;
			files = (
				32DF1AD52F54897900573404 /* FirebaseMessaging in Frameworks */,
				32DF1AD32F54897900573404 /* FirebaseCrashlytics in Frameworks */,
				32DF1AD12F54897900573404 /* FirebaseCore in Frameworks */,
				32DF1ACF2F54897900573404 /* FirebaseAnalytics in Frameworks */,
			);
			runOnlyForDeploymentPostprocessing = 0;
		};
/* End PBXFrameworksBuildPhase section */

/* Begin PBXGroup section */
		32DF1AE52F54971600573404 /* Preview Content */ = {
			isa = PBXGroup;
			children = (
				32DF1AE42F54971600573404 /* Preview Assets.xcassets */,
			);
			path = "Preview Content";
			sourceTree = "<group>";
		};
		32DF1AEC2F54971600573404 /* iosApp */ = {
			isa = PBXGroup;
			children = (
				32DF1AFB2F54C52E00573404 /* iosApp.entitlements */,
				32DF1AF62F54987E00573404 /* Platform */,
				32DF1AF32F54986D00573404 /* DI */,
				32DF1AE52F54971600573404 /* Preview Content */,
				32DF1AE62F54971600573404 /* Assets.xcassets */,
				32DF1AE72F54971600573404 /* Info.plist */,
				32DF1AE92F54971600573404 /* ContentView.swift */,
				32DF1AEA2F54971600573404 /* iOSApp.swift */,
			);
			path = iosApp;
			sourceTree = "<group>";
		};
		32DF1AF32F54986D00573404 /* DI */ = {
			isa = PBXGroup;
			children = (
				32DF1AF42F54987700573404 /* KoinDependencies.swift */,
			);
			path = DI;
			sourceTree = "<group>";
		};
		32DF1AF62F54987E00573404 /* Platform */ = {
			isa = PBXGroup;
			children = (
				32DF1AF72F54AFBC00573404 /* IosAnalyticsService.swift */,
				32DF1AEB2F54971600573404 /* IosSecureStorage.swift */,
			);
			path = Platform;
			sourceTree = "<group>";
		};
		3993BA3AEE73166DA98CC7AA = {
			isa = PBXGroup;
			children = (
				32DF1AEC2F54971600573404 /* iosApp */,
				62EC72BE64DD1B4949B1E763 /* Configuration */,
				AF734BBEA4BC808F0979544A /* Products */,
			);
			sourceTree = "<group>";
		};
		AF734BBEA4BC808F0979544A /* Products */ = {
			isa = PBXGroup;
			children = (
				C2D7165759FD45FBBD401D18 /* SharedSocialKMP.app */,
			);
			name = Products;
			sourceTree = "<group>";
		};
/* End PBXGroup section */

/* Begin PBXNativeTarget section */
		12B7993B91D9DDFBB54925D2 /* iosApp */ = {
			isa = PBXNativeTarget;
			buildConfigurationList = 7C7C32BBEF429A3327636560 /* Build configuration list for PBXNativeTarget "iosApp" */;
			buildPhases = (
				58BB89C4945DB8DE588E5469 /* Compile Kotlin Framework */,
				A29F6018E9E3985D398B7500 /* Sources */,
				ECA6F5D44AA3E23CE9DEC29C /* Frameworks */,
				FA09ECABDD0AC54143BA3941 /* Resources */,
			);
			buildRules = (
			);
			dependencies = (
			);
			name = iosApp;
			packageProductDependencies = (
				32DF1ACE2F54897900573404 /* FirebaseAnalytics */,
				32DF1AD02F54897900573404 /* FirebaseCore */,
				32DF1AD22F54897900573404 /* FirebaseCrashlytics */,
				32DF1AD42F54897900573404 /* FirebaseMessaging */,
			);
			productName = iosApp;
			productReference = C2D7165759FD45FBBD401D18 /* SharedSocialKMP.app */;
			productType = "com.apple.product-type.application";
		};
/* End PBXNativeTarget section */

/* Begin PBXProject section */
		3F4A4F1DB47DE3543925EE21 /* Project object */ = {
			isa = PBXProject;
			attributes = {
				BuildIndependentTargetsInParallel = 1;
				LastSwiftUpdateCheck = 1620;
				LastUpgradeCheck = 1620;
				TargetAttributes = {
					12B7993B91D9DDFBB54925D2 = {
						CreatedOnToolsVersion = 16.2;
					};
				};
			};
			buildConfigurationList = C3B58183B60DA68D6F726E27 /* Build configuration list for PBXProject "iosApp" */;
			developmentRegion = en;
			hasScannedForEncodings = 0;
			knownRegions = (
				en,
				Base,
			);
			mainGroup = 3993BA3AEE73166DA98CC7AA;
			minimizedProjectReferenceProxies = 1;
			packageReferences = (
				32DF1ACD2F54897900573404 /* XCRemoteSwiftPackageReference "firebase-ios-sdk" */,
			);
			preferredProjectObjectVersion = 77;
			productRefGroup = AF734BBEA4BC808F0979544A /* Products */;
			projectDirPath = "";
			projectRoot = "";
			targets = (
				12B7993B91D9DDFBB54925D2 /* iosApp */,
			);
		};
/* End PBXProject section */

/* Begin PBXResourcesBuildPhase section */
		FA09ECABDD0AC54143BA3941 /* Resources */ = {
			isa = PBXResourcesBuildPhase;
			buildActionMask = 2147483647;
			files = (
				32DF1AF02F54971600573404 /* Preview Assets.xcassets in Resources */,
				32DF1AF22F54971600573404 /* Assets.xcassets in Resources */,
			);
			runOnlyForDeploymentPostprocessing = 0;
		};
/* End PBXResourcesBuildPhase section */

/* Begin PBXShellScriptBuildPhase section */
		58BB89C4945DB8DE588E5469 /* Compile Kotlin Framework */ = {
			isa = PBXShellScriptBuildPhase;
			alwaysOutOfDate = 1;
			buildActionMask = 2147483647;
			files = (
			);
			inputFileListPaths = (
			);
			inputPaths = (
			);
			name = "Compile Kotlin Framework";
			outputFileListPaths = (
			);
			outputPaths = (
			);
			runOnlyForDeploymentPostprocessing = 0;
			shellPath = /bin/sh;
			shellScript = "if [ \"YES\" = \"$OVERRIDE_KOTLIN_BUILD_IDE_SUPPORTED\" ]; then\n  echo \"Skipping Gradle build task invocation due to OVERRIDE_KOTLIN_BUILD_IDE_SUPPORTED environment variable set to \\\"YES\\\"\"\n  exit 0\nfi\ncd \"$SRCROOT/..\"\n./gradlew :composeApp:embedAndSignAppleFrameworkForXcode\n";
		};
/* End PBXShellScriptBuildPhase section */

/* Begin PBXSourcesBuildPhase section */
		A29F6018E9E3985D398B7500 /* Sources */ = {
			isa = PBXSourcesBuildPhase;
			buildActionMask = 2147483647;
			files = (
				32DF1AED2F54971600573404 /* ContentView.swift in Sources */,
				32DF1AF52F54987700573404 /* KoinDependencies.swift in Sources */,
				32DF1AEE2F54971600573404 /* IosSecureStorage.swift in Sources */,
				32DF1AEF2F54971600573404 /* iOSApp.swift in Sources */,
				32DF1AF82F54AFBC00573404 /* IosAnalyticsService.swift in Sources */,
			);
			runOnlyForDeploymentPostprocessing = 0;
		};
/* End PBXSourcesBuildPhase section */

/* Begin XCBuildConfiguration section */
		0DE954EFEB63BEA780B3567F /* Debug */ = {
			isa = XCBuildConfiguration;
			buildSettings = {
				ARCHS = arm64;
				ASSETCATALOG_COMPILER_APPICON_NAME = AppIcon;
				ASSETCATALOG_COMPILER_GLOBAL_ACCENT_COLOR_NAME = AccentColor;
				CODE_SIGN_ENTITLEMENTS = iosApp/iosApp.entitlements;
				CODE_SIGN_IDENTITY = "Apple Development";
				CODE_SIGN_STYLE = Automatic;
				DEVELOPMENT_ASSET_PATHS = "\"iosApp/Preview Content\"";
				DEVELOPMENT_TEAM = "";
				ENABLE_PREVIEWS = YES;
				GENERATE_INFOPLIST_FILE = YES;
				INFOPLIST_FILE = iosApp/Info.plist;
				INFOPLIST_KEY_UIApplicationSceneManifest_Generation = YES;
				INFOPLIST_KEY_UIApplicationSupportsIndirectInputEvents = YES;
				INFOPLIST_KEY_UILaunchScreen_Generation = YES;
				INFOPLIST_KEY_UISupportedInterfaceOrientations_iPad = "UIInterfaceOrientationPortrait UIInterfaceOrientationPortraitUpsideDown UIInterfaceOrientationLandscapeLeft UIInterfaceOrientationLandscapeRight";
				INFOPLIST_KEY_UISupportedInterfaceOrientations_iPhone = "UIInterfaceOrientationPortrait UIInterfaceOrientationLandscapeLeft UIInterfaceOrientationLandscapeRight";
				LD_RUNPATH_SEARCH_PATHS = (
					"$(inherited)",
					"@executable_path/Frameworks",
				);
				SWIFT_EMIT_LOC_STRINGS = YES;
				SWIFT_VERSION = 5.0;
				TARGETED_DEVICE_FAMILY = "1,2";
			};
			name = Debug;
		};
		350E50214AB5020215ABC45F /* Release */ = {
			isa = XCBuildConfiguration;
			buildSettings = {
				ARCHS = arm64;
				ASSETCATALOG_COMPILER_APPICON_NAME = AppIcon;
				ASSETCATALOG_COMPILER_GLOBAL_ACCENT_COLOR_NAME = AccentColor;
				CODE_SIGN_ENTITLEMENTS = iosApp/iosApp.entitlements;
				CODE_SIGN_IDENTITY = "Apple Development";
				CODE_SIGN_STYLE = Automatic;
				DEVELOPMENT_ASSET_PATHS = "\"iosApp/Preview Content\"";
				DEVELOPMENT_TEAM = "";
				ENABLE_PREVIEWS = YES;
				GENERATE_INFOPLIST_FILE = YES;
				INFOPLIST_FILE = iosApp/Info.plist;
				INFOPLIST_KEY_UIApplicationSceneManifest_Generation = YES;
				INFOPLIST_KEY_UIApplicationSupportsIndirectInputEvents = YES;
				INFOPLIST_KEY_UILaunchScreen_Generation = YES;
				INFOPLIST_KEY_UISupportedInterfaceOrientations_iPad = "UIInterfaceOrientationPortrait UIInterfaceOrientationPortraitUpsideDown UIInterfaceOrientationLandscapeLeft UIInterfaceOrientationLandscapeRight";
				INFOPLIST_KEY_UISupportedInterfaceOrientations_iPhone = "UIInterfaceOrientationPortrait UIInterfaceOrientationLandscapeLeft UIInterfaceOrientationLandscapeRight";
				LD_RUNPATH_SEARCH_PATHS = (
					"$(inherited)",
					"@executable_path/Frameworks",
				);
				SWIFT_EMIT_LOC_STRINGS = YES;
				SWIFT_VERSION = 5.0;
				TARGETED_DEVICE_FAMILY = "1,2";
			};
			name = Release;
		};
		8E0EE3A834952D95EC77680D /* Release */ = {
			isa = XCBuildConfiguration;
			baseConfigurationReferenceAnchor = 62EC72BE64DD1B4949B1E763 /* Configuration */;
			baseConfigurationReferenceRelativePath = Config.xcconfig;
			buildSettings = {
				ALWAYS_SEARCH_USER_PATHS = NO;
				ASSETCATALOG_COMPILER_GENERATE_SWIFT_ASSET_SYMBOL_EXTENSIONS = YES;
				CLANG_ANALYZER_NONNULL = YES;
				CLANG_ANALYZER_NUMBER_OBJECT_CONVERSION = YES_AGGRESSIVE;
				CLANG_CXX_LANGUAGE_STANDARD = "gnu++20";
				CLANG_ENABLE_MODULES = YES;
				CLANG_ENABLE_OBJC_ARC = YES;
				CLANG_ENABLE_OBJC_WEAK = YES;
				CLANG_WARN_BLOCK_CAPTURE_AUTORELEASING = YES;
				CLANG_WARN_BOOL_CONVERSION = YES;
				CLANG_WARN_COMMA = YES;
				CLANG_WARN_CONSTANT_CONVERSION = YES;
				CLANG_WARN_DEPRECATED_OBJC_IMPLEMENTATIONS = YES;
				CLANG_WARN_DIRECT_OBJC_ISA_USAGE = YES_ERROR;
				CLANG_WARN_DOCUMENTATION_COMMENTS = YES;
				CLANG_WARN_EMPTY_BODY = YES;
				CLANG_WARN_ENUM_CONVERSION = YES;
				CLANG_WARN_INFINITE_RECURSION = YES;
				CLANG_WARN_INT_CONVERSION = YES;
				CLANG_WARN_NON_LITERAL_NULL_CONVERSION = YES;
				CLANG_WARN_OBJC_IMPLICIT_RETAIN_SELF = YES;
				CLANG_WARN_OBJC_LITERAL_CONVERSION = YES;
				CLANG_WARN_OBJC_ROOT_CLASS = YES_ERROR;
				CLANG_WARN_QUOTED_INCLUDE_IN_FRAMEWORK_HEADER = YES;
				CLANG_WARN_RANGE_LOOP_ANALYSIS = YES;
				CLANG_WARN_STRICT_PROTOTYPES = YES;
				CLANG_WARN_SUSPICIOUS_MOVE = YES;
				CLANG_WARN_UNGUARDED_AVAILABILITY = YES_AGGRESSIVE;
				CLANG_WARN_UNREACHABLE_CODE = YES;
				CLANG_WARN__DUPLICATE_METHOD_MATCH = YES;
				COPY_PHASE_STRIP = NO;
				DEBUG_INFORMATION_FORMAT = "dwarf-with-dsym";
				ENABLE_NS_ASSERTIONS = NO;
				ENABLE_STRICT_OBJC_MSGSEND = YES;
				ENABLE_USER_SCRIPT_SANDBOXING = NO;
				GCC_C_LANGUAGE_STANDARD = gnu17;
				GCC_NO_COMMON_BLOCKS = YES;
				GCC_WARN_64_TO_32_BIT_CONVERSION = YES;
				GCC_WARN_ABOUT_RETURN_TYPE = YES_ERROR;
				GCC_WARN_UNDECLARED_SELECTOR = YES;
				GCC_WARN_UNINITIALIZED_AUTOS = YES_AGGRESSIVE;
				GCC_WARN_UNUSED_FUNCTION = YES;
				GCC_WARN_UNUSED_VARIABLE = YES;
				IPHONEOS_DEPLOYMENT_TARGET = 18.2;
				LOCALIZATION_PREFERS_STRING_CATALOGS = YES;
				MTL_ENABLE_DEBUG_INFO = NO;
				MTL_FAST_MATH = YES;
				SDKROOT = iphoneos;
				SWIFT_COMPILATION_MODE = wholemodule;
				VALIDATE_PRODUCT = YES;
			};
			name = Release;
		};
		A8F5B25BB3BF9A72C37DDEBF /* Debug */ = {
			isa = XCBuildConfiguration;
			baseConfigurationReferenceAnchor = 62EC72BE64DD1B4949B1E763 /* Configuration */;
			baseConfigurationReferenceRelativePath = Config.xcconfig;
			buildSettings = {
				ALWAYS_SEARCH_USER_PATHS = NO;
				ASSETCATALOG_COMPILER_GENERATE_SWIFT_ASSET_SYMBOL_EXTENSIONS = YES;
				CLANG_ANALYZER_NONNULL = YES;
				CLANG_ANALYZER_NUMBER_OBJECT_CONVERSION = YES_AGGRESSIVE;
				CLANG_CXX_LANGUAGE_STANDARD = "gnu++20";
				CLANG_ENABLE_MODULES = YES;
				CLANG_ENABLE_OBJC_ARC = YES;
				CLANG_ENABLE_OBJC_WEAK = YES;
				CLANG_WARN_BLOCK_CAPTURE_AUTORELEASING = YES;
				CLANG_WARN_BOOL_CONVERSION = YES;
				CLANG_WARN_COMMA = YES;
				CLANG_WARN_CONSTANT_CONVERSION = YES;
				CLANG_WARN_DEPRECATED_OBJC_IMPLEMENTATIONS = YES;
				CLANG_WARN_DIRECT_OBJC_ISA_USAGE = YES_ERROR;
				CLANG_WARN_DOCUMENTATION_COMMENTS = YES;
				CLANG_WARN_EMPTY_BODY = YES;
				CLANG_WARN_ENUM_CONVERSION = YES;
				CLANG_WARN_INFINITE_RECURSION = YES;
				CLANG_WARN_INT_CONVERSION = YES;
				CLANG_WARN_NON_LITERAL_NULL_CONVERSION = YES;
				CLANG_WARN_OBJC_IMPLICIT_RETAIN_SELF = YES;
				CLANG_WARN_OBJC_LITERAL_CONVERSION = YES;
				CLANG_WARN_OBJC_ROOT_CLASS = YES_ERROR;
				CLANG_WARN_QUOTED_INCLUDE_IN_FRAMEWORK_HEADER = YES;
				CLANG_WARN_RANGE_LOOP_ANALYSIS = YES;
				CLANG_WARN_STRICT_PROTOTYPES = YES;
				CLANG_WARN_SUSPICIOUS_MOVE = YES;
				CLANG_WARN_UNGUARDED_AVAILABILITY = YES_AGGRESSIVE;
				CLANG_WARN_UNREACHABLE_CODE = YES;
				CLANG_WARN__DUPLICATE_METHOD_MATCH = YES;
				COPY_PHASE_STRIP = NO;
				DEBUG_INFORMATION_FORMAT = dwarf;
				ENABLE_STRICT_OBJC_MSGSEND = YES;
				ENABLE_TESTABILITY = YES;
				ENABLE_USER_SCRIPT_SANDBOXING = NO;
				GCC_C_LANGUAGE_STANDARD = gnu17;
				GCC_DYNAMIC_NO_PIC = NO;
				GCC_NO_COMMON_BLOCKS = YES;
				GCC_OPTIMIZATION_LEVEL = 0;
				GCC_PREPROCESSOR_DEFINITIONS = (
					"DEBUG=1",
					"$(inherited)",
				);
				GCC_WARN_64_TO_32_BIT_CONVERSION = YES;
				GCC_WARN_ABOUT_RETURN_TYPE = YES_ERROR;
				GCC_WARN_UNDECLARED_SELECTOR = YES;
				GCC_WARN_UNINITIALIZED_AUTOS = YES_AGGRESSIVE;
				GCC_WARN_UNUSED_FUNCTION = YES;
				GCC_WARN_UNUSED_VARIABLE = YES;
				IPHONEOS_DEPLOYMENT_TARGET = 18.2;
				LOCALIZATION_PREFERS_STRING_CATALOGS = YES;
				MTL_ENABLE_DEBUG_INFO = INCLUDE_SOURCE;
				MTL_FAST_MATH = YES;
				ONLY_ACTIVE_ARCH = YES;
				SDKROOT = iphoneos;
				SWIFT_ACTIVE_COMPILATION_CONDITIONS = "DEBUG $(inherited)";
				SWIFT_OPTIMIZATION_LEVEL = "-Onone";
			};
			name = Debug;
		};
/* End XCBuildConfiguration section */

/* Begin XCConfigurationList section */
		7C7C32BBEF429A3327636560 /* Build configuration list for PBXNativeTarget "iosApp" */ = {
			isa = XCConfigurationList;
			buildConfigurations = (
				0DE954EFEB63BEA780B3567F /* Debug */,
				350E50214AB5020215ABC45F /* Release */,
			);
			defaultConfigurationIsVisible = 0;
			defaultConfigurationName = Release;
		};
		C3B58183B60DA68D6F726E27 /* Build configuration list for PBXProject "iosApp" */ = {
			isa = XCConfigurationList;
			buildConfigurations = (
				A8F5B25BB3BF9A72C37DDEBF /* Debug */,
				8E0EE3A834952D95EC77680D /* Release */,
			);
			defaultConfigurationIsVisible = 0;
			defaultConfigurationName = Release;
		};
/* End XCConfigurationList section */

/* Begin XCRemoteSwiftPackageReference section */
		32DF1ACD2F54897900573404 /* XCRemoteSwiftPackageReference "firebase-ios-sdk" */ = {
			isa = XCRemoteSwiftPackageReference;
			repositoryURL = "https://github.com/firebase/firebase-ios-sdk";
			requirement = {
				kind = upToNextMajorVersion;
				minimumVersion = 12.10.0;
			};
		};
/* End XCRemoteSwiftPackageReference section */

/* Begin XCSwiftPackageProductDependency section */
		32DF1ACE2F54897900573404 /* FirebaseAnalytics */ = {
			isa = XCSwiftPackageProductDependency;
			package = 32DF1ACD2F54897900573404 /* XCRemoteSwiftPackageReference "firebase-ios-sdk" */;
			productName = FirebaseAnalytics;
		};
		32DF1AD02F54897900573404 /* FirebaseCore */ = {
			isa = XCSwiftPackageProductDependency;
			package = 32DF1ACD2F54897900573404 /* XCRemoteSwiftPackageReference "firebase-ios-sdk" */;
			productName = FirebaseCore;
		};
		32DF1AD22F54897900573404 /* FirebaseCrashlytics */ = {
			isa = XCSwiftPackageProductDependency;
			package = 32DF1ACD2F54897900573404 /* XCRemoteSwiftPackageReference "firebase-ios-sdk" */;
			productName = FirebaseCrashlytics;
		};
		32DF1AD42F54897900573404 /* FirebaseMessaging */ = {
			isa = XCSwiftPackageProductDependency;
			package = 32DF1ACD2F54897900573404 /* XCRemoteSwiftPackageReference "firebase-ios-sdk" */;
			productName = FirebaseMessaging;
		};
/* End XCSwiftPackageProductDependency section */
	};
	rootObject = 3F4A4F1DB47DE3543925EE21 /* Project object */;
}
